
Microsoft Visual Studio Solution File, Format Version 12.00
# Visual Studio Version 17
VisualStudioVersion = 17.6.33815.320
MinimumVisualStudioVersion = 10.0.40219.1
Project("{FAE04EC0-301F-11D3-BF4B-00C04F79EFBC}") = "ConAPpConstructorEx", "ConAPpConstructorEx\ConAPpConstructorEx.csproj", "{1C045BDE-9492-4D6D-B5BC-ADE5D2BF458A}"
EndProject
Global
	GlobalSection(SolutionConfigurationPlatforms) = preSolution
		Debug|Any CPU = Debug|Any CPU
		Release|Any CPU = Release|Any CPU
	EndGlobalSection
	GlobalSection(ProjectConfigurationPlatforms) = postSolution
		{1C045BDE-9492-4D6D-B5BC-ADE5D2BF458A}.Debug|Any CPU.ActiveCfg = Debug|Any CPU
		{1C045BDE-9492-4D6D-B5BC-ADE5D2BF458A}.Debug|Any CPU.Build.0 = Debug|Any CPU
		{1C045BDE-9492-4D6D-B5BC-ADE5D2BF458A}.Release|Any CPU.ActiveCfg = Release|Any CPU
		{1C045BDE-9492-4D6D-B5BC-ADE5D2BF458A}.Release|Any CPU.Build.0 = Release|Any CPU
	EndGlobalSection
	GlobalSection(SolutionProperties) = preSolution
		HideSolutionNode = FALSE
	EndGlobalSection
	GlobalSection(ExtensibilityGlobals) = postSolution
		SolutionGuid = {EB0F637B-F20D-43F2-BF8F-E54E89B52BF6}
	EndGlobalSection
EndGlobal
